// !$*UTF8*$!
{
	archiveVersion = 1;
	classes = {
	};
	objectVersion = 45;
	objects = {

/* Begin PBXBuildFile section */
		05D86D1D119DB95E004BA8F5 /* CATransform3DAdditions.m in Sources */ = {isa = PBXBuildFile; fileRef = 05D86D1C119DB95E004BA8F5 /* CATransform3DAdditions.m */; };
		05D86E82119E039F004BA8F5 /* CoreGraphics.framework in Frameworks */ = {isa = PBXBuildFile; fileRef = 05D86E81119E039F004BA8F5 /* CoreGraphics.framework */; };
		05D86F80119E2637004BA8F5 /* heightmap.png in Resources */ = {isa = PBXBuildFile; fileRef = 05D86F7F119E2637004BA8F5 /* heightmap.png */; };
		05D86FCB119E2A01004BA8F5 /* Texture2D.mm in Sources */ = {isa = PBXBuildFile; fileRef = 05D86FCA119E2A01004BA8F5 /* Texture2D.mm */; };
		05D87004119E2D5D004BA8F5 /* Frustum.m in Sources */ = {isa = PBXBuildFile; fileRef = 05D86FF9119E2D5D004BA8F5 /* Frustum.m */; };
		05D87005119E2D5D004BA8F5 /* Matrix.m in Sources */ = {isa = PBXBuildFile; fileRef = 05D86FFB119E2D5D004BA8F5 /* Matrix.m */; };
		05D87006119E2D5D004BA8F5 /* Plane.m in Sources */ = {isa = PBXBuildFile; fileRef = 05D86FFD119E2D5D004BA8F5 /* Plane.m */; };
		05D87007119E2D5D004BA8F5 /* Vector2.m in Sources */ = {isa = PBXBuildFile; fileRef = 05D86FFF119E2D5D004BA8F5 /* Vector2.m */; };
		05D87008119E2D5D004BA8F5 /* Vector3.m in Sources */ = {isa = PBXBuildFile; fileRef = 05D87001119E2D5D004BA8F5 /* Vector3.m */; };
		05D87009119E2D5D004BA8F5 /* Vector4.m in Sources */ = {isa = PBXBuildFile; fileRef = 05D87003119E2D5D004BA8F5 /* Vector4.m */; };
		05D87010119E2FB2004BA8F5 /* Heightmap.m in Sources */ = {isa = PBXBuildFile; fileRef = 05D8700F119E2FB2004BA8F5 /* Heightmap.m */; };
		05D8724C119F1D49004BA8F5 /* UIImage+getPixels.m in Sources */ = {isa = PBXBuildFile; fileRef = 05D8724B119F1D49004BA8F5 /* UIImage+getPixels.m */; };
		05D8736C119F3CFE004BA8F5 /* tex.jpg in Resources */ = {isa = PBXBuildFile; fileRef = 05D8736B119F3CFE004BA8F5 /* tex.jpg */; };
		05D8751911A018B3004BA8F5 /* Terrain.fsh in Resources */ = {isa = PBXBuildFile; fileRef = 05D8748F11A00D26004BA8F5 /* Terrain.fsh */; };
		05D8751A11A018B3004BA8F5 /* Terrain.vsh in Resources */ = {isa = PBXBuildFile; fileRef = 05D8749011A00D26004BA8F5 /* Terrain.vsh */; };
		1D3623260D0F684500981E51 /* BitCraftAppDelegate.m in Sources */ = {isa = PBXBuildFile; fileRef = 1D3623250D0F684500981E51 /* BitCraftAppDelegate.m */; };
		1D60589B0D05DD56006BFB54 /* main.m in Sources */ = {isa = PBXBuildFile; fileRef = 29B97316FDCFA39411CA2CEA /* main.m */; };
		1D60589F0D05DD5A006BFB54 /* Foundation.framework in Frameworks */ = {isa = PBXBuildFile; fileRef = 1D30AB110D05D00D00671497 /* Foundation.framework */; };
		1DF5F4E00D08C38300B7A737 /* UIKit.framework in Frameworks */ = {isa = PBXBuildFile; fileRef = 1DF5F4DF0D08C38300B7A737 /* UIKit.framework */; };
		216F00F5119E2D360030C892 /* Entity.m in Sources */ = {isa = PBXBuildFile; fileRef = 216F00F4119E2D360030C892 /* Entity.m */; };
		216F015D119EBBC90030C892 /* RenderOptions.m in Sources */ = {isa = PBXBuildFile; fileRef = 216F015C119EBBC90030C892 /* RenderOptions.m */; };
		216F022D119EC73D0030C892 /* QuadMesh.m in Sources */ = {isa = PBXBuildFile; fileRef = 216F022C119EC73D0030C892 /* QuadMesh.m */; };
		216F02FB119EE7DC0030C892 /* picking.fsh in Resources */ = {isa = PBXBuildFile; fileRef = 216F02F1119ED8240030C892 /* picking.fsh */; };
		216F02FC119EE7DC0030C892 /* picking.vsh in Resources */ = {isa = PBXBuildFile; fileRef = 216F02F2119ED8240030C892 /* picking.vsh */; };
		216F0368119EEB9B0030C892 /* PickingMesh.m in Sources */ = {isa = PBXBuildFile; fileRef = 216F0367119EEB9B0030C892 /* PickingMesh.m */; };
		216F09EF119F29D60030C892 /* Finger.m in Sources */ = {isa = PBXBuildFile; fileRef = 216F09EE119F29D60030C892 /* Finger.m */; };
		21960537119E0D2A0049CF65 /* Shader.m in Sources */ = {isa = PBXBuildFile; fileRef = 2196052E119E0D2A0049CF65 /* Shader.m */; };
		21960538119E0D2A0049CF65 /* ShaderAttribute.m in Sources */ = {isa = PBXBuildFile; fileRef = 21960530119E0D2A0049CF65 /* ShaderAttribute.m */; };
		21960539119E0D2A0049CF65 /* ShaderProgram.m in Sources */ = {isa = PBXBuildFile; fileRef = 21960532119E0D2A0049CF65 /* ShaderProgram.m */; };
		2196053A119E0D2A0049CF65 /* ShaderUniform.m in Sources */ = {isa = PBXBuildFile; fileRef = 21960534119E0D2A0049CF65 /* ShaderUniform.m */; };
		2196053B119E0D2A0049CF65 /* ShaderVariable.m in Sources */ = {isa = PBXBuildFile; fileRef = 21960536119E0D2A0049CF65 /* ShaderVariable.m */; };
		2514C27310084DB100A42282 /* ES2Renderer.m in Sources */ = {isa = PBXBuildFile; fileRef = 2514C27010084DB100A42282 /* ES2Renderer.m */; };
		2514C27B10084DCA00A42282 /* Shader.fsh in Resources */ = {isa = PBXBuildFile; fileRef = 2514C27910084DCA00A42282 /* Shader.fsh */; };
		2514C27C10084DCA00A42282 /* Shader.vsh in Resources */ = {isa = PBXBuildFile; fileRef = 2514C27A10084DCA00A42282 /* Shader.vsh */; };
		28AD733F0D9D9553002E5188 /* MainWindow.xib in Resources */ = {isa = PBXBuildFile; fileRef = 28AD733E0D9D9553002E5188 /* MainWindow.xib */; };
		28FD14FE0DC6FC130079059D /* EAGLView.m in Sources */ = {isa = PBXBuildFile; fileRef = 28FD14FD0DC6FC130079059D /* EAGLView.m */; };
		28FD15000DC6FC520079059D /* OpenGLES.framework in Frameworks */ = {isa = PBXBuildFile; fileRef = 28FD14FF0DC6FC520079059D /* OpenGLES.framework */; };
		28FD15080DC6FC5B0079059D /* QuartzCore.framework in Frameworks */ = {isa = PBXBuildFile; fileRef = 28FD15070DC6FC5B0079059D /* QuartzCore.framework */; };
/* End PBXBuildFile section */

/* Begin PBXFileReference section */
		05D86D1B119DB95E004BA8F5 /* CATransform3DAdditions.h */ = {isa = PBXFileReference; fileEncoding = 4; lastKnownFileType = sourcecode.c.h; path = CATransform3DAdditions.h; sourceTree = "<group>"; };
		05D86D1C119DB95E004BA8F5 /* CATransform3DAdditions.m */ = {isa = PBXFileReference; fileEncoding = 4; lastKnownFileType = sourcecode.c.objc; path = CATransform3DAdditions.m; sourceTree = "<group>"; };
		05D86E81119E039F004BA8F5 /* CoreGraphics.framework */ = {isa = PBXFileReference; lastKnownFileType = wrapper.framework; name = CoreGraphics.framework; path = System/Library/Frameworks/CoreGraphics.framework; sourceTree = SDKROOT; };
		05D86F7F119E2637004BA8F5 /* heightmap.png */ = {isa = PBXFileReference; lastKnownFileType = image.png; path = heightmap.png; sourceTree = "<group>"; };
		05D86FC9119E2A01004BA8F5 /* Texture2D.h */ = {isa = PBXFileReference; fileEncoding = 4; lastKnownFileType = sourcecode.c.h; path = Texture2D.h; sourceTree = "<group>"; };
		05D86FCA119E2A01004BA8F5 /* Texture2D.mm */ = {isa = PBXFileReference; fileEncoding = 4; lastKnownFileType = sourcecode.cpp.objcpp; path = Texture2D.mm; sourceTree = "<group>"; };
		05D86FF8119E2D5D004BA8F5 /* Frustum.h */ = {isa = PBXFileReference; fileEncoding = 4; lastKnownFileType = sourcecode.c.h; path = Frustum.h; sourceTree = "<group>"; };
		05D86FF9119E2D5D004BA8F5 /* Frustum.m */ = {isa = PBXFileReference; fileEncoding = 4; lastKnownFileType = sourcecode.c.objc; path = Frustum.m; sourceTree = "<group>"; };
		05D86FFA119E2D5D004BA8F5 /* Matrix.h */ = {isa = PBXFileReference; fileEncoding = 4; lastKnownFileType = sourcecode.c.h; path = Matrix.h; sourceTree = "<group>"; };
		05D86FFB119E2D5D004BA8F5 /* Matrix.m */ = {isa = PBXFileReference; fileEncoding = 4; lastKnownFileType = sourcecode.c.objc; path = Matrix.m; sourceTree = "<group>"; };
		05D86FFC119E2D5D004BA8F5 /* Plane.h */ = {isa = PBXFileReference; fileEncoding = 4; lastKnownFileType = sourcecode.c.h; path = Plane.h; sourceTree = "<group>"; };
		05D86FFD119E2D5D004BA8F5 /* Plane.m */ = {isa = PBXFileReference; fileEncoding = 4; lastKnownFileType = sourcecode.c.objc; path = Plane.m; sourceTree = "<group>"; };
		05D86FFE119E2D5D004BA8F5 /* Vector2.h */ = {isa = PBXFileReference; fileEncoding = 4; lastKnownFileType = sourcecode.c.h; path = Vector2.h; sourceTree = "<group>"; };
		05D86FFF119E2D5D004BA8F5 /* Vector2.m */ = {isa = PBXFileReference; fileEncoding = 4; lastKnownFileType = sourcecode.c.objc; path = Vector2.m; sourceTree = "<group>"; };
		05D87000119E2D5D004BA8F5 /* Vector3.h */ = {isa = PBXFileReference; fileEncoding = 4; lastKnownFileType = sourcecode.c.h; path = Vector3.h; sourceTree = "<group>"; };
		05D87001119E2D5D004BA8F5 /* Vector3.m */ = {isa = PBXFileReference; fileEncoding = 4; lastKnownFileType = sourcecode.c.objc; path = Vector3.m; sourceTree = "<group>"; };
		05D87002119E2D5D004BA8F5 /* Vector4.h */ = {isa = PBXFileReference; fileEncoding = 4; lastKnownFileType = sourcecode.c.h; path = Vector4.h; sourceTree = "<group>"; };
		05D87003119E2D5D004BA8F5 /* Vector4.m */ = {isa = PBXFileReference; fileEncoding = 4; lastKnownFileType = sourcecode.c.objc; path = Vector4.m; sourceTree = "<group>"; };
		05D8700E119E2FB2004BA8F5 /* Heightmap.h */ = {isa = PBXFileReference; fileEncoding = 4; lastKnownFileType = sourcecode.c.h; path = Heightmap.h; sourceTree = "<group>"; };
		05D8700F119E2FB2004BA8F5 /* Heightmap.m */ = {isa = PBXFileReference; fileEncoding = 4; lastKnownFileType = sourcecode.c.objc; path = Heightmap.m; sourceTree = "<group>"; };
		05D8724A119F1D49004BA8F5 /* UIImage+getPixels.h */ = {isa = PBXFileReference; fileEncoding = 4; lastKnownFileType = sourcecode.c.h; path = "UIImage+getPixels.h"; sourceTree = "<group>"; };
		05D8724B119F1D49004BA8F5 /* UIImage+getPixels.m */ = {isa = PBXFileReference; fileEncoding = 4; lastKnownFileType = sourcecode.c.objc; path = "UIImage+getPixels.m"; sourceTree = "<group>"; };
		05D8736B119F3CFE004BA8F5 /* tex.jpg */ = {isa = PBXFileReference; lastKnownFileType = image.jpeg; path = tex.jpg; sourceTree = "<group>"; };
		05D8748F11A00D26004BA8F5 /* Terrain.fsh */ = {isa = PBXFileReference; fileEncoding = 4; lastKnownFileType = sourcecode.glsl; name = Terrain.fsh; path = Shaders/Terrain.fsh; sourceTree = "<group>"; };
		05D8749011A00D26004BA8F5 /* Terrain.vsh */ = {isa = PBXFileReference; fileEncoding = 4; lastKnownFileType = sourcecode.glsl; name = Terrain.vsh; path = Shaders/Terrain.vsh; sourceTree = "<group>"; };
		1D30AB110D05D00D00671497 /* Foundation.framework */ = {isa = PBXFileReference; lastKnownFileType = wrapper.framework; name = Foundation.framework; path = System/Library/Frameworks/Foundation.framework; sourceTree = SDKROOT; };
		1D3623240D0F684500981E51 /* BitCraftAppDelegate.h */ = {isa = PBXFileReference; fileEncoding = 4; lastKnownFileType = sourcecode.c.h; path = BitCraftAppDelegate.h; sourceTree = "<group>"; };
		1D3623250D0F684500981E51 /* BitCraftAppDelegate.m */ = {isa = PBXFileReference; fileEncoding = 4; lastKnownFileType = sourcecode.c.objc; path = BitCraftAppDelegate.m; sourceTree = "<group>"; };
		1D6058910D05DD3D006BFB54 /* BitCraft.app */ = {isa = PBXFileReference; explicitFileType = wrapper.application; includeInIndex = 0; path = BitCraft.app; sourceTree = BUILT_PRODUCTS_DIR; };
		1DF5F4DF0D08C38300B7A737 /* UIKit.framework */ = {isa = PBXFileReference; lastKnownFileType = wrapper.framework; name = UIKit.framework; path = System/Library/Frameworks/UIKit.framework; sourceTree = SDKROOT; };
		216F00F3119E2D360030C892 /* Entity.h */ = {isa = PBXFileReference; fileEncoding = 4; lastKnownFileType = sourcecode.c.h; path = Entity.h; sourceTree = "<group>"; };
		216F00F4119E2D360030C892 /* Entity.m */ = {isa = PBXFileReference; fileEncoding = 4; lastKnownFileType = sourcecode.c.objc; path = Entity.m; sourceTree = "<group>"; };
		216F015B119EBBC90030C892 /* RenderOptions.h */ = {isa = PBXFileReference; fileEncoding = 4; lastKnownFileType = sourcecode.c.h; path = RenderOptions.h; sourceTree = "<group>"; };
		216F015C119EBBC90030C892 /* RenderOptions.m */ = {isa = PBXFileReference; fileEncoding = 4; lastKnownFileType = sourcecode.c.objc; path = RenderOptions.m; sourceTree = "<group>"; };
		216F022B119EC73D0030C892 /* QuadMesh.h */ = {isa = PBXFileReference; fileEncoding = 4; lastKnownFileType = sourcecode.c.h; path = QuadMesh.h; sourceTree = "<group>"; };
		216F022C119EC73D0030C892 /* QuadMesh.m */ = {isa = PBXFileReference; fileEncoding = 4; lastKnownFileType = sourcecode.c.objc; path = QuadMesh.m; sourceTree = "<group>"; };
		216F02F1119ED8240030C892 /* picking.fsh */ = {isa = PBXFileReference; fileEncoding = 4; lastKnownFileType = sourcecode.glsl; name = picking.fsh; path = Shaders/picking.fsh; sourceTree = "<group>"; };
		216F02F2119ED8240030C892 /* picking.vsh */ = {isa = PBXFileReference; fileEncoding = 4; lastKnownFileType = sourcecode.glsl; name = picking.vsh; path = Shaders/picking.vsh; sourceTree = "<group>"; };
		216F0366119EEB9B0030C892 /* PickingMesh.h */ = {isa = PBXFileReference; fileEncoding = 4; lastKnownFileType = sourcecode.c.h; path = PickingMesh.h; sourceTree = "<group>"; };
		216F0367119EEB9B0030C892 /* PickingMesh.m */ = {isa = PBXFileReference; fileEncoding = 4; lastKnownFileType = sourcecode.c.objc; path = PickingMesh.m; sourceTree = "<group>"; };
		216F09ED119F29D60030C892 /* Finger.h */ = {isa = PBXFileReference; fileEncoding = 4; lastKnownFileType = sourcecode.c.h; path = Finger.h; sourceTree = "<group>"; };
		216F09EE119F29D60030C892 /* Finger.m */ = {isa = PBXFileReference; fileEncoding = 4; lastKnownFileType = sourcecode.c.objc; path = Finger.m; sourceTree = "<group>"; };
		2196052D119E0D2A0049CF65 /* Shader.h */ = {isa = PBXFileReference; fileEncoding = 4; lastKnownFileType = sourcecode.c.h; path = Shader.h; sourceTree = "<group>"; };
		2196052E119E0D2A0049CF65 /* Shader.m */ = {isa = PBXFileReference; fileEncoding = 4; lastKnownFileType = sourcecode.c.objc; path = Shader.m; sourceTree = "<group>"; };
		2196052F119E0D2A0049CF65 /* ShaderAttribute.h */ = {isa = PBXFileReference; fileEncoding = 4; lastKnownFileType = sourcecode.c.h; path = ShaderAttribute.h; sourceTree = "<group>"; };
		21960530119E0D2A0049CF65 /* ShaderAttribute.m */ = {isa = PBXFileReference; fileEncoding = 4; lastKnownFileType = sourcecode.c.objc; path = ShaderAttribute.m; sourceTree = "<group>"; };
		21960531119E0D2A0049CF65 /* ShaderProgram.h */ = {isa = PBXFileReference; fileEncoding = 4; lastKnownFileType = sourcecode.c.h; path = ShaderProgram.h; sourceTree = "<group>"; };
		21960532119E0D2A0049CF65 /* ShaderProgram.m */ = {isa = PBXFileReference; fileEncoding = 4; lastKnownFileType = sourcecode.c.objc; path = ShaderProgram.m; sourceTree = "<group>"; };
		21960533119E0D2A0049CF65 /* ShaderUniform.h */ = {isa = PBXFileReference; fileEncoding = 4; lastKnownFileType = sourcecode.c.h; path = ShaderUniform.h; sourceTree = "<group>"; };
		21960534119E0D2A0049CF65 /* ShaderUniform.m */ = {isa = PBXFileReference; fileEncoding = 4; lastKnownFileType = sourcecode.c.objc; path = ShaderUniform.m; sourceTree = "<group>"; };
		21960535119E0D2A0049CF65 /* ShaderVariable.h */ = {isa = PBXFileReference; fileEncoding = 4; lastKnownFileType = sourcecode.c.h; path = ShaderVariable.h; sourceTree = "<group>"; };
		21960536119E0D2A0049CF65 /* ShaderVariable.m */ = {isa = PBXFileReference; fileEncoding = 4; lastKnownFileType = sourcecode.c.objc; path = ShaderVariable.m; sourceTree = "<group>"; };
		2514C26F10084DB100A42282 /* ES2Renderer.h */ = {isa = PBXFileReference; fileEncoding = 4; lastKnownFileType = sourcecode.c.h; path = ES2Renderer.h; sourceTree = "<group>"; };
		2514C27010084DB100A42282 /* ES2Renderer.m */ = {isa = PBXFileReference; fileEncoding = 4; lastKnownFileType = sourcecode.c.objc; path = ES2Renderer.m; sourceTree = "<group>"; };
		2514C27910084DCA00A42282 /* Shader.fsh */ = {isa = PBXFileReference; fileEncoding = 4; lastKnownFileType = sourcecode.glsl; name = Shader.fsh; path = Shaders/Shader.fsh; sourceTree = "<group>"; };
		2514C27A10084DCA00A42282 /* Shader.vsh */ = {isa = PBXFileReference; fileEncoding = 4; lastKnownFileType = sourcecode.glsl; name = Shader.vsh; path = Shaders/Shader.vsh; sourceTree = "<group>"; };
		28AD733E0D9D9553002E5188 /* MainWindow.xib */ = {isa = PBXFileReference; lastKnownFileType = file.xib; path = MainWindow.xib; sourceTree = "<group>"; };
		28FD14FC0DC6FC130079059D /* EAGLView.h */ = {isa = PBXFileReference; fileEncoding = 4; lastKnownFileType = sourcecode.c.h; path = EAGLView.h; sourceTree = "<group>"; };
		28FD14FD0DC6FC130079059D /* EAGLView.m */ = {isa = PBXFileReference; fileEncoding = 4; lastKnownFileType = sourcecode.c.objc; path = EAGLView.m; sourceTree = "<group>"; };
		28FD14FF0DC6FC520079059D /* OpenGLES.framework */ = {isa = PBXFileReference; lastKnownFileType = wrapper.framework; name = OpenGLES.framework; path = System/Library/Frameworks/OpenGLES.framework; sourceTree = SDKROOT; };
		28FD15070DC6FC5B0079059D /* QuartzCore.framework */ = {isa = PBXFileReference; lastKnownFileType = wrapper.framework; name = QuartzCore.framework; path = System/Library/Frameworks/QuartzCore.framework; sourceTree = SDKROOT; };
		29B97316FDCFA39411CA2CEA /* main.m */ = {isa = PBXFileReference; fileEncoding = 4; lastKnownFileType = sourcecode.c.objc; path = main.m; sourceTree = "<group>"; };
		32CA4F630368D1EE00C91783 /* BitCraft_Prefix.pch */ = {isa = PBXFileReference; fileEncoding = 4; lastKnownFileType = sourcecode.c.h; path = BitCraft_Prefix.pch; sourceTree = "<group>"; };
		8D1107310486CEB800E47090 /* BitCraft-Info.plist */ = {isa = PBXFileReference; fileEncoding = 4; lastKnownFileType = text.plist.xml; path = "BitCraft-Info.plist"; plistStructureDefinitionIdentifier = "com.apple.xcode.plist.structure-definition.iphone.info-plist"; sourceTree = "<group>"; };
/* End PBXFileReference section */

/* Begin PBXFrameworksBuildPhase section */
		1D60588F0D05DD3D006BFB54 /* Frameworks */ = {
			isa = PBXFrameworksBuildPhase;
			buildActionMask = 2147483647;
			files = (
				1D60589F0D05DD5A006BFB54 /* Foundation.framework in Frameworks */,
				1DF5F4E00D08C38300B7A737 /* UIKit.framework in Frameworks */,
				28FD15000DC6FC520079059D /* OpenGLES.framework in Frameworks */,
				28FD15080DC6FC5B0079059D /* QuartzCore.framework in Frameworks */,
				05D86E82119E039F004BA8F5 /* CoreGraphics.framework in Frameworks */,
			);
			runOnlyForDeploymentPostprocessing = 0;
		};
/* End PBXFrameworksBuildPhase section */

/* Begin PBXGroup section */
		05D86FF7119E2D5D004BA8F5 /* Math */ = {
			isa = PBXGroup;
			children = (
				05D86FF8119E2D5D004BA8F5 /* Frustum.h */,
				05D86FF9119E2D5D004BA8F5 /* Frustum.m */,
				05D86FFA119E2D5D004BA8F5 /* Matrix.h */,
				05D86FFB119E2D5D004BA8F5 /* Matrix.m */,
				05D86FFC119E2D5D004BA8F5 /* Plane.h */,
				05D86FFD119E2D5D004BA8F5 /* Plane.m */,
				05D86FFE119E2D5D004BA8F5 /* Vector2.h */,
				05D86FFF119E2D5D004BA8F5 /* Vector2.m */,
				05D87000119E2D5D004BA8F5 /* Vector3.h */,
				05D87001119E2D5D004BA8F5 /* Vector3.m */,
				05D87002119E2D5D004BA8F5 /* Vector4.h */,
				05D87003119E2D5D004BA8F5 /* Vector4.m */,
			);
			path = Math;
			sourceTree = "<group>";
		};
		080E96DDFE201D6D7F000001 /* Classes */ = {
			isa = PBXGroup;
			children = (
				216F00F2119E2D0D0030C892 /* stuff */,
				21960525119E0D200049CF65 /* Shader */,
				2514C26F10084DB100A42282 /* ES2Renderer.h */,
				2514C27010084DB100A42282 /* ES2Renderer.m */,
				28FD14FC0DC6FC130079059D /* EAGLView.h */,
				28FD14FD0DC6FC130079059D /* EAGLView.m */,
				1D3623240D0F684500981E51 /* BitCraftAppDelegate.h */,
				1D3623250D0F684500981E51 /* BitCraftAppDelegate.m */,
				05D86D1B119DB95E004BA8F5 /* CATransform3DAdditions.h */,
				05D86D1C119DB95E004BA8F5 /* CATransform3DAdditions.m */,
				05D86FC9119E2A01004BA8F5 /* Texture2D.h */,
				05D86FCA119E2A01004BA8F5 /* Texture2D.mm */,
				05D86FF7119E2D5D004BA8F5 /* Math */,
				05D8700E119E2FB2004BA8F5 /* Heightmap.h */,
				05D8700F119E2FB2004BA8F5 /* Heightmap.m */,
				05D8724A119F1D49004BA8F5 /* UIImage+getPixels.h */,
				05D8724B119F1D49004BA8F5 /* UIImage+getPixels.m */,
			);
			path = Classes;
			sourceTree = "<group>";
		};
		19C28FACFE9D520D11CA2CBB /* Products */ = {
			isa = PBXGroup;
			children = (
				1D6058910D05DD3D006BFB54 /* BitCraft.app */,
			);
			name = Products;
			sourceTree = "<group>";
		};
		216F00F2119E2D0D0030C892 /* stuff */ = {
			isa = PBXGroup;
			children = (
				216F00F3119E2D360030C892 /* Entity.h */,
				216F00F4119E2D360030C892 /* Entity.m */,
				216F015B119EBBC90030C892 /* RenderOptions.h */,
				216F015C119EBBC90030C892 /* RenderOptions.m */,
				216F022B119EC73D0030C892 /* QuadMesh.h */,
				216F022C119EC73D0030C892 /* QuadMesh.m */,
				216F0366119EEB9B0030C892 /* PickingMesh.h */,
				216F0367119EEB9B0030C892 /* PickingMesh.m */,
				216F09ED119F29D60030C892 /* Finger.h */,
				216F09EE119F29D60030C892 /* Finger.m */,
			);
			name = stuff;
			sourceTree = "<group>";
		};
		21960525119E0D200049CF65 /* Shader */ = {
			isa = PBXGroup;
			children = (
				2196052D119E0D2A0049CF65 /* Shader.h */,
				2196052E119E0D2A0049CF65 /* Shader.m */,
				21960531119E0D2A0049CF65 /* ShaderProgram.h */,
				21960532119E0D2A0049CF65 /* ShaderProgram.m */,
				21960535119E0D2A0049CF65 /* ShaderVariable.h */,
				21960536119E0D2A0049CF65 /* ShaderVariable.m */,
				21960533119E0D2A0049CF65 /* ShaderUniform.h */,
				21960534119E0D2A0049CF65 /* ShaderUniform.m */,
				2196052F119E0D2A0049CF65 /* ShaderAttribute.h */,
				21960530119E0D2A0049CF65 /* ShaderAttribute.m */,
			);
			name = Shader;
			sourceTree = "<group>";
		};
		2514C27610084DB600A42282 /* Shaders */ = {
			isa = PBXGroup;
			children = (
				2514C27910084DCA00A42282 /* Shader.fsh */,
				2514C27A10084DCA00A42282 /* Shader.vsh */,
				05D8748F11A00D26004BA8F5 /* Terrain.fsh */,
				05D8749011A00D26004BA8F5 /* Terrain.vsh */,
				216F02F1119ED8240030C892 /* picking.fsh */,
				216F02F2119ED8240030C892 /* picking.vsh */,
			);
			name = Shaders;
			sourceTree = "<group>";
		};
		29B97314FDCFA39411CA2CEA /* CustomTemplate */ = {
			isa = PBXGroup;
			children = (
				080E96DDFE201D6D7F000001 /* Classes */,
				2514C27610084DB600A42282 /* Shaders */,
				29B97315FDCFA39411CA2CEA /* Other Sources */,
				29B97317FDCFA39411CA2CEA /* Resources */,
				29B97323FDCFA39411CA2CEA /* Frameworks */,
				19C28FACFE9D520D11CA2CBB /* Products */,
			);
			name = CustomTemplate;
			sourceTree = "<group>";
		};
		29B97315FDCFA39411CA2CEA /* Other Sources */ = {
			isa = PBXGroup;
			children = (
				32CA4F630368D1EE00C91783 /* BitCraft_Prefix.pch */,
				29B97316FDCFA39411CA2CEA /* main.m */,
			);
			name = "Other Sources";
			sourceTree = "<group>";
		};
		29B97317FDCFA39411CA2CEA /* Resources */ = {
			isa = PBXGroup;
			children = (
				05D8736B119F3CFE004BA8F5 /* tex.jpg */,
				05D86F7F119E2637004BA8F5 /* heightmap.png */,
				28AD733E0D9D9553002E5188 /* MainWindow.xib */,
				8D1107310486CEB800E47090 /* BitCraft-Info.plist */,
			);
			name = Resources;
			sourceTree = "<group>";
		};
		29B97323FDCFA39411CA2CEA /* Frameworks */ = {
			isa = PBXGroup;
			children = (
				28FD15070DC6FC5B0079059D /* QuartzCore.framework */,
				28FD14FF0DC6FC520079059D /* OpenGLES.framework */,
				1DF5F4DF0D08C38300B7A737 /* UIKit.framework */,
				1D30AB110D05D00D00671497 /* Foundation.framework */,
				05D86E81119E039F004BA8F5 /* CoreGraphics.framework */,
			);
			name = Frameworks;
			sourceTree = "<group>";
		};
/* End PBXGroup section */

/* Begin PBXNativeTarget section */
		1D6058900D05DD3D006BFB54 /* BitCraft */ = {
			isa = PBXNativeTarget;
			buildConfigurationList = 1D6058960D05DD3E006BFB54 /* Build configuration list for PBXNativeTarget "BitCraft" */;
			buildPhases = (
				1D60588D0D05DD3D006BFB54 /* Resources */,
				1D60588E0D05DD3D006BFB54 /* Sources */,
				1D60588F0D05DD3D006BFB54 /* Frameworks */,
			);
			buildRules = (
			);
			dependencies = (
			);
			name = BitCraft;
			productName = BitCraft;
			productReference = 1D6058910D05DD3D006BFB54 /* BitCraft.app */;
			productType = "com.apple.product-type.application";
		};
/* End PBXNativeTarget section */

/* Begin PBXProject section */
		29B97313FDCFA39411CA2CEA /* Project object */ = {
			isa = PBXProject;
			buildConfigurationList = C01FCF4E08A954540054247B /* Build configuration list for PBXProject "BitCraft" */;
			compatibilityVersion = "Xcode 3.1";
			hasScannedForEncodings = 1;
			mainGroup = 29B97314FDCFA39411CA2CEA /* CustomTemplate */;
			projectDirPath = "";
			projectRoot = "";
			targets = (
				1D6058900D05DD3D006BFB54 /* BitCraft */,
			);
		};
/* End PBXProject section */

/* Begin PBXResourcesBuildPhase section */
		1D60588D0D05DD3D006BFB54 /* Resources */ = {
			isa = PBXResourcesBuildPhase;
			buildActionMask = 2147483647;
			files = (
				05D8751911A018B3004BA8F5 /* Terrain.fsh in Resources */,
				05D8751A11A018B3004BA8F5 /* Terrain.vsh in Resources */,
				2514C27B10084DCA00A42282 /* Shader.fsh in Resources */,
				2514C27C10084DCA00A42282 /* Shader.vsh in Resources */,
				216F02FB119EE7DC0030C892 /* picking.fsh in Resources */,
				216F02FC119EE7DC0030C892 /* picking.vsh in Resources */,
				28AD733F0D9D9553002E5188 /* MainWindow.xib in Resources */,
				05D86F80119E2637004BA8F5 /* heightmap.png in Resources */,
				05D8736C119F3CFE004BA8F5 /* tex.jpg in Resources */,
			);
			runOnlyForDeploymentPostprocessing = 0;
		};
/* End PBXResourcesBuildPhase section */

/* Begin PBXSourcesBuildPhase section */
		1D60588E0D05DD3D006BFB54 /* Sources */ = {
			isa = PBXSourcesBuildPhase;
			buildActionMask = 2147483647;
			files = (
				1D60589B0D05DD56006BFB54 /* main.m in Sources */,
				1D3623260D0F684500981E51 /* BitCraftAppDelegate.m in Sources */,
				28FD14FE0DC6FC130079059D /* EAGLView.m in Sources */,
				2514C27310084DB100A42282 /* ES2Renderer.m in Sources */,
				05D86D1D119DB95E004BA8F5 /* CATransform3DAdditions.m in Sources */,
				21960537119E0D2A0049CF65 /* Shader.m in Sources */,
				21960538119E0D2A0049CF65 /* ShaderAttribute.m in Sources */,
				21960539119E0D2A0049CF65 /* ShaderProgram.m in Sources */,
				2196053A119E0D2A0049CF65 /* ShaderUniform.m in Sources */,
				2196053B119E0D2A0049CF65 /* ShaderVariable.m in Sources */,
				05D86FCB119E2A01004BA8F5 /* Texture2D.mm in Sources */,
				216F00F5119E2D360030C892 /* Entity.m in Sources */,
				05D87004119E2D5D004BA8F5 /* Frustum.m in Sources */,
				05D87005119E2D5D004BA8F5 /* Matrix.m in Sources */,
				05D87006119E2D5D004BA8F5 /* Plane.m in Sources */,
				05D87007119E2D5D004BA8F5 /* Vector2.m in Sources */,
				05D87008119E2D5D004BA8F5 /* Vector3.m in Sources */,
				05D87009119E2D5D004BA8F5 /* Vector4.m in Sources */,
				216F015D119EBBC90030C892 /* RenderOptions.m in Sources */,
				216F022D119EC73D0030C892 /* QuadMesh.m in Sources */,
				216F0368119EEB9B0030C892 /* PickingMesh.m in Sources */,
				05D87010119E2FB2004BA8F5 /* Heightmap.m in Sources */,
				216F09EF119F29D60030C892 /* Finger.m in Sources */,
				05D8724C119F1D49004BA8F5 /* UIImage+getPixels.m in Sources */,
			);
			runOnlyForDeploymentPostprocessing = 0;
		};
/* End PBXSourcesBuildPhase section */

/* Begin XCBuildConfiguration section */
		1D6058940D05DD3E006BFB54 /* Debug */ = {
			isa = XCBuildConfiguration;
			buildSettings = {
				ALWAYS_SEARCH_USER_PATHS = NO;
				ARCHS = armv7;
				COPY_PHASE_STRIP = NO;
				GCC_DYNAMIC_NO_PIC = NO;
				GCC_OPTIMIZATION_LEVEL = 0;
				GCC_PRECOMPILE_PREFIX_HEADER = YES;
				GCC_PREFIX_HEADER = BitCraft_Prefix.pch;
				"GCC_THUMB_SUPPORT[arch=armv6]" = "";
				GCC_VERSION = 4.2;
				INFOPLIST_FILE = "BitCraft-Info.plist";
				PRODUCT_NAME = BitCraft;
				RUN_CLANG_STATIC_ANALYZER = NO;
			};
			name = Debug;
		};
		1D6058950D05DD3E006BFB54 /* Release */ = {
			isa = XCBuildConfiguration;
			buildSettings = {
				ALWAYS_SEARCH_USER_PATHS = NO;
				ARCHS = armv7;
				COPY_PHASE_STRIP = YES;
				GCC_PRECOMPILE_PREFIX_HEADER = YES;
				GCC_PREFIX_HEADER = BitCraft_Prefix.pch;
				"GCC_THUMB_SUPPORT[arch=armv6]" = "";
				GCC_VERSION = 4.2;
				INFOPLIST_FILE = "BitCraft-Info.plist";
				PRODUCT_NAME = BitCraft;
				RUN_CLANG_STATIC_ANALYZER = NO;
				VALIDATE_PRODUCT = YES;
			};
			name = Release;
		};
		C01FCF4F08A954540054247B /* Debug */ = {
			isa = XCBuildConfiguration;
			buildSettings = {
				"ARCHS[sdk=iphoneos*]" = armv7;
				"ARCHS[sdk=iphonesimulator*]" = i386;
				"CODE_SIGN_IDENTITY[sdk=iphoneos*]" = "iPhone Developer";
				GCC_C_LANGUAGE_STANDARD = c99;
				GCC_PREPROCESSOR_DEFINITIONS = DEBUG;
				GCC_WARN_ABOUT_RETURN_TYPE = YES;
				GCC_WARN_UNUSED_VARIABLE = YES;
				PREBINDING = NO;
				SDKROOT = iphoneos3.2;
				TARGETED_DEVICE_FAMILY = 2;
			};
			name = Debug;
		};
		C01FCF5008A954540054247B /* Release */ = {
			isa = XCBuildConfiguration;
			buildSettings = {
				"ARCHS[sdk=iphoneos*]" = armv7;
				"ARCHS[sdk=iphonesimulator*]" = i386;
				"CODE_SIGN_IDENTITY[sdk=iphoneos*]" = "iPhone Developer";
				GCC_C_LANGUAGE_STANDARD = c99;
				GCC_WARN_ABOUT_RETURN_TYPE = YES;
				GCC_WARN_UNUSED_VARIABLE = YES;
				OTHER_CFLAGS = "-DNS_BLOCK_ASSERTIONS=1";
				PREBINDING = NO;
				SDKROOT = iphoneos3.2;
				TARGETED_DEVICE_FAMILY = 2;
			};
			name = Release;
		};
/* End XCBuildConfiguration section */

/* Begin XCConfigurationList section */
		1D6058960D05DD3E006BFB54 /* Build configuration list for PBXNativeTarget "BitCraft" */ = {
			isa = XCConfigurationList;
			buildConfigurations = (
				1D6058940D05DD3E006BFB54 /* Debug */,
				1D6058950D05DD3E006BFB54 /* Release */,
			);
			defaultConfigurationIsVisible = 0;
			defaultConfigurationName = Release;
		};
		C01FCF4E08A954540054247B /* Build configuration list for PBXProject "BitCraft" */ = {
			isa = XCConfigurationList;
			buildConfigurations = (
				C01FCF4F08A954540054247B /* Debug */,
				C01FCF5008A954540054247B /* Release */,
			);
			defaultConfigurationIsVisible = 0;
			defaultConfigurationName = Release;
		};
/* End XCConfigurationList section */
	};
	rootObject = 29B97313FDCFA39411CA2CEA /* Project object */;
}
